
Microsoft Visual Studio Solution File, Format Version 12.00
# Visual Studio Version 17
VisualStudioVersion = 17.8.34309.116
MinimumVisualStudioVersion = 10.0.40219.1
Project("{9A19103F-16F7-4668-BE54-9A1E7A4F7556}") = "orders.domain", "orders.domain\orders.domain.csproj", "{85D6387A-0D01-4D94-B66C-CC57FA34D35A}"
EndProject
Project("{9A19103F-16F7-4668-BE54-9A1E7A4F7556}") = "orders.application", "orders.application\orders.application.csproj", "{00A03563-4A12-4163-89DE-F25FBB1C5214}"
EndProject
Project("{9A19103F-16F7-4668-BE54-9A1E7A4F7556}") = "orders.infrastructure", "orders.infrastructure\orders.infrastructure.csproj", "{BE2A517A-D96E-4390-81E0-1432B9E72F7D}"
EndProject
Project("{9A19103F-16F7-4668-BE54-9A1E7A4F7556}") = "orders.webapi", "orders.webapi\orders.webapi.csproj", "{C1F50E4A-B8E7-415F-B341-6F98B817C087}"
EndProject
Project("{9A19103F-16F7-4668-BE54-9A1E7A4F7556}") = "orders.shared", "orders.shared\orders.shared.csproj", "{E7FA90AC-6CFD-4C54-AA51-ECFB14F37ED1}"
EndProject
Project("{9A19103F-16F7-4668-BE54-9A1E7A4F7556}") = "orders.test", "orders.test\orders.test.csproj", "{D8D07CA1-6B62-451C-B719-EA17FFA1E913}"
EndProject
Project("{9A19103F-16F7-4668-BE54-9A1E7A4F7556}") = "orders.database", "orders.database\orders.database.csproj", "{01F2D329-48AC-4F96-9A44-6A6EE6200C04}"
EndProject
Global
	GlobalSection(SolutionConfigurationPlatforms) = preSolution
		Debug|Any CPU = Debug|Any CPU
		Release|Any CPU = Release|Any CPU
	EndGlobalSection
	GlobalSection(ProjectConfigurationPlatforms) = postSolution
		{85D6387A-0D01-4D94-B66C-CC57FA34D35A}.Debug|Any CPU.ActiveCfg = Debug|Any CPU
		{85D6387A-0D01-4D94-B66C-CC57FA34D35A}.Debug|Any CPU.Build.0 = Debug|Any CPU
		{85D6387A-0D01-4D94-B66C-CC57FA34D35A}.Release|Any CPU.ActiveCfg = Release|Any CPU
		{85D6387A-0D01-4D94-B66C-CC57FA34D35A}.Release|Any CPU.Build.0 = Release|Any CPU
		{00A03563-4A12-4163-89DE-F25FBB1C5214}.Debug|Any CPU.ActiveCfg = Debug|Any CPU
		{00A03563-4A12-4163-89DE-F25FBB1C5214}.Debug|Any CPU.Build.0 = Debug|Any CPU
		{00A03563-4A12-4163-89DE-F25FBB1C5214}.Release|Any CPU.ActiveCfg = Release|Any CPU
		{00A03563-4A12-4163-89DE-F25FBB1C5214}.Release|Any CPU.Build.0 = Release|Any CPU
		{BE2A517A-D96E-4390-81E0-1432B9E72F7D}.Debug|Any CPU.ActiveCfg = Debug|Any CPU
		{BE2A517A-D96E-4390-81E0-1432B9E72F7D}.Debug|Any CPU.Build.0 = Debug|Any CPU
		{BE2A517A-D96E-4390-81E0-1432B9E72F7D}.Release|Any CPU.ActiveCfg = Release|Any CPU
		{BE2A517A-D96E-4390-81E0-1432B9E72F7D}.Release|Any CPU.Build.0 = Release|Any CPU
		{C1F50E4A-B8E7-415F-B341-6F98B817C087}.Debug|Any CPU.ActiveCfg = Debug|Any CPU
		{C1F50E4A-B8E7-415F-B341-6F98B817C087}.Debug|Any CPU.Build.0 = Debug|Any CPU
		{C1F50E4A-B8E7-415F-B341-6F98B817C087}.Release|Any CPU.ActiveCfg = Release|Any CPU
		{C1F50E4A-B8E7-415F-B341-6F98B817C087}.Release|Any CPU.Build.0 = Release|Any CPU
		{E7FA90AC-6CFD-4C54-AA51-ECFB14F37ED1}.Debug|Any CPU.ActiveCfg = Debug|Any CPU
		{E7FA90AC-6CFD-4C54-AA51-ECFB14F37ED1}.Debug|Any CPU.Build.0 = Debug|Any CPU
		{E7FA90AC-6CFD-4C54-AA51-ECFB14F37ED1}.Release|Any CPU.ActiveCfg = Release|Any CPU
		{E7FA90AC-6CFD-4C54-AA51-ECFB14F37ED1}.Release|Any CPU.Build.0 = Release|Any CPU
		{D8D07CA1-6B62-451C-B719-EA17FFA1E913}.Debug|Any CPU.ActiveCfg = Debug|Any CPU
		{D8D07CA1-6B62-451C-B719-EA17FFA1E913}.Debug|Any CPU.Build.0 = Debug|Any CPU
		{D8D07CA1-6B62-451C-B719-EA17FFA1E913}.Release|Any CPU.ActiveCfg = Release|Any CPU
		{D8D07CA1-6B62-451C-B719-EA17FFA1E913}.Release|Any CPU.Build.0 = Release|Any CPU
		{01F2D329-48AC-4F96-9A44-6A6EE6200C04}.Debug|Any CPU.ActiveCfg = Debug|Any CPU
		{01F2D329-48AC-4F96-9A44-6A6EE6200C04}.Debug|Any CPU.Build.0 = Debug|Any CPU
		{01F2D329-48AC-4F96-9A44-6A6EE6200C04}.Release|Any CPU.ActiveCfg = Release|Any CPU
		{01F2D329-48AC-4F96-9A44-6A6EE6200C04}.Release|Any CPU.Build.0 = Release|Any CPU
	EndGlobalSection
	GlobalSection(SolutionProperties) = preSolution
		HideSolutionNode = FALSE
	EndGlobalSection
	GlobalSection(ExtensibilityGlobals) = postSolution
		SolutionGuid = {75481F71-09CC-4359-891B-768F071FFC58}
	EndGlobalSection
EndGlobal
